
Microsoft Visual Studio Solution File, Format Version 12.00
# Visual Studio Version 16
VisualStudioVersion = 16.0.30804.86
MinimumVisualStudioVersion = 10.0.40219.1
Project("{FAE04EC0-301F-11D3-BF4B-00C04F79EFBC}") = "TodoUI", "TodoUI\TodoUI.csproj", "{B1447ABF-F8E0-4E4E-BE2D-CB5B2012925A}"
EndProject
Project("{FAE04EC0-301F-11D3-BF4B-00C04F79EFBC}") = "TodoLibrary", "TodoLibrary\TodoLibrary.csproj", "{EB8534E5-49E2-40AD-8938-CEF83E6F5889}"
EndProject
Global
	GlobalSection(SolutionConfigurationPlatforms) = preSolution
		Debug|Any CPU = Debug|Any CPU
		Release|Any CPU = Release|Any CPU
	EndGlobalSection
	GlobalSection(ProjectConfigurationPlatforms) = postSolution
		{B1447ABF-F8E0-4E4E-BE2D-CB5B2012925A}.Debug|Any CPU.ActiveCfg = Debug|Any CPU
		{B1447ABF-F8E0-4E4E-BE2D-CB5B2012925A}.Debug|Any CPU.Build.0 = Debug|Any CPU
		{B1447ABF-F8E0-4E4E-BE2D-CB5B2012925A}.Release|Any CPU.ActiveCfg = Release|Any CPU
		{B1447ABF-F8E0-4E4E-BE2D-CB5B2012925A}.Release|Any CPU.Build.0 = Release|Any CPU
		{EB8534E5-49E2-40AD-8938-CEF83E6F5889}.Debug|Any CPU.ActiveCfg = Debug|Any CPU
		{EB8534E5-49E2-40AD-8938-CEF83E6F5889}.Debug|Any CPU.Build.0 = Debug|Any CPU
		{EB8534E5-49E2-40AD-8938-CEF83E6F5889}.Release|Any CPU.ActiveCfg = Release|Any CPU
		{EB8534E5-49E2-40AD-8938-CEF83E6F5889}.Release|Any CPU.Build.0 = Release|Any CPU
	EndGlobalSection
	GlobalSection(SolutionProperties) = preSolution
		HideSolutionNode = FALSE
	EndGlobalSection
	GlobalSection(ExtensibilityGlobals) = postSolution
		SolutionGuid = {D5115826-951E-452E-968C-41D1116B5975}
	EndGlobalSection
EndGlobal
